
Microsoft Visual Studio Solution File, Format Version 12.00
# Visual Studio Version 17
VisualStudioVersion = 17.1.32328.378
MinimumVisualStudioVersion = 10.0.40219.1
Project("{9A19103F-16F7-4668-BE54-9A1E7A4F7556}") = "ConsoleApp_exam0211", "ConsoleApp_exam0211.csproj", "{9C2EEC4C-3431-430A-A3E9-242F84F1FF49}"
EndProject
Project("{FAE04EC0-301F-11D3-BF4B-00C04F79EFBC}") = "ConsoleApp_exam0212", "..\ConsoleApp_exam0212\ConsoleApp_exam0212.csproj", "{6A74E3B7-320A-4B70-968A-C15FC59E1C50}"
EndProject
Global
	GlobalSection(SolutionConfigurationPlatforms) = preSolution
		Debug|Any CPU = Debug|Any CPU
		Release|Any CPU = Release|Any CPU
	EndGlobalSection
	GlobalSection(ProjectConfigurationPlatforms) = postSolution
		{9C2EEC4C-3431-430A-A3E9-242F84F1FF49}.Debug|Any CPU.ActiveCfg = Debug|Any CPU
		{9C2EEC4C-3431-430A-A3E9-242F84F1FF49}.Debug|Any CPU.Build.0 = Debug|Any CPU
		{9C2EEC4C-3431-430A-A3E9-242F84F1FF49}.Release|Any CPU.ActiveCfg = Release|Any CPU
		{9C2EEC4C-3431-430A-A3E9-242F84F1FF49}.Release|Any CPU.Build.0 = Release|Any CPU
		{6A74E3B7-320A-4B70-968A-C15FC59E1C50}.Debug|Any CPU.ActiveCfg = Debug|Any CPU
		{6A74E3B7-320A-4B70-968A-C15FC59E1C50}.Debug|Any CPU.Build.0 = Debug|Any CPU
		{6A74E3B7-320A-4B70-968A-C15FC59E1C50}.Release|Any CPU.ActiveCfg = Release|Any CPU
		{6A74E3B7-320A-4B70-968A-C15FC59E1C50}.Release|Any CPU.Build.0 = Release|Any CPU
	EndGlobalSection
	GlobalSection(SolutionProperties) = preSolution
		HideSolutionNode = FALSE
	EndGlobalSection
	GlobalSection(ExtensibilityGlobals) = postSolution
		SolutionGuid = {C770D3F5-A4A3-45F8-BA86-36C3EFD27756}
	EndGlobalSection
EndGlobal
